// !$*UTF8*$!
{
	archiveVersion = 1;
	classes = {
	};
	objectVersion = 56;
	objects = {

/* Begin PBXBuildFile section */
		F1414B622B54C4A600D602C1 /* Note.swift in Sources */ = {isa = PBXBuildFile; fileRef = F1414B612B54C4A600D602C1 /* Note.swift */; };
		F1414B9F2B54C9DB00D602C1 /* Tag.swift in Sources */ = {isa = PBXBuildFile; fileRef = F1414B9E2B54C9DB00D602C1 /* Tag.swift */; };
		F1414BA42B54DB4B00D602C1 /* NoteListView.swift in Sources */ = {isa = PBXBuildFile; fileRef = F1414BA32B54DB4B00D602C1 /* NoteListView.swift */; };
		F1414BA62B55E38F00D602C1 /* TagListView.swift in Sources */ = {isa = PBXBuildFile; fileRef = F1414BA52B55E38F00D602C1 /* TagListView.swift */; };
		F1C0D61C2B3FD15100B42523 /* HelloXcodeApp.swift in Sources */ = {isa = PBXBuildFile; fileRef = F1C0D61B2B3FD15100B42523 /* HelloXcodeApp.swift */; };
		F1C0D61E2B3FD15100B42523 /* ContentView.swift in Sources */ = {isa = PBXBuildFile; fileRef = F1C0D61D2B3FD15100B42523 /* ContentView.swift */; };
		F1C0D6202B3FD15300B42523 /* Assets.xcassets in Resources */ = {isa = PBXBuildFile; fileRef = F1C0D61F2B3FD15300B42523 /* Assets.xcassets */; };
		F1C0D6232B3FD15300B42523 /* Preview Assets.xcassets in Resources */ = {isa = PBXBuildFile; fileRef = F1C0D6222B3FD15300B42523 /* Preview Assets.xcassets */; };
		F1C0D62D2B3FD15300B42523 /* HelloXcodeTests.swift in Sources */ = {isa = PBXBuildFile; fileRef = F1C0D62C2B3FD15300B42523 /* HelloXcodeTests.swift */; };
		F1C0D6372B3FD15300B42523 /* HelloXcodeUITests.swift in Sources */ = {isa = PBXBuildFile; fileRef = F1C0D6362B3FD15300B42523 /* HelloXcodeUITests.swift */; };
		F1C0D6392B3FD15300B42523 /* HelloXcodeUITestsLaunchTests.swift in Sources */ = {isa = PBXBuildFile; fileRef = F1C0D6382B3FD15300B42523 /* HelloXcodeUITestsLaunchTests.swift */; };
/* End PBXBuildFile section */

/* Begin PBXContainerItemProxy section */
		F1C0D6292B3FD15300B42523 /* PBXContainerItemProxy */ = {
			isa = PBXContainerItemProxy;
			containerPortal = F1C0D6102B3FD15100B42523 /* Project object */;
			proxyType = 1;
			remoteGlobalIDString = F1C0D6172B3FD15100B42523;
			remoteInfo = HelloXcode;
		};
		F1C0D6332B3FD15300B42523 /* PBXContainerItemProxy */ = {
			isa = PBXContainerItemProxy;
			containerPortal = F1C0D6102B3FD15100B42523 /* Project object */;
			proxyType = 1;
			remoteGlobalIDString = F1C0D6172B3FD15100B42523;
			remoteInfo = HelloXcode;
		};
/* End PBXContainerItemProxy section */

/* Begin PBXFileReference section */
		F1414B612B54C4A600D602C1 /* Note.swift */ = {isa = PBXFileReference; lastKnownFileType = sourcecode.swift; path = Note.swift; sourceTree = "<group>"; };
		F1414B9E2B54C9DB00D602C1 /* Tag.swift */ = {isa = PBXFileReference; lastKnownFileType = sourcecode.swift; path = Tag.swift; sourceTree = "<group>"; };
		F1414BA32B54DB4B00D602C1 /* NoteListView.swift */ = {isa = PBXFileReference; lastKnownFileType = sourcecode.swift; path = NoteListView.swift; sourceTree = "<group>"; };
		F1414BA52B55E38F00D602C1 /* TagListView.swift */ = {isa = PBXFileReference; lastKnownFileType = sourcecode.swift; path = TagListView.swift; sourceTree = "<group>"; xcLanguageSpecificationIdentifier = xcode.lang.swift; };
		F1C0D6182B3FD15100B42523 /* HelloXcode.app */ = {isa = PBXFileReference; explicitFileType = wrapper.application; includeInIndex = 0; path = HelloXcode.app; sourceTree = BUILT_PRODUCTS_DIR; };
		F1C0D61B2B3FD15100B42523 /* HelloXcodeApp.swift */ = {isa = PBXFileReference; lastKnownFileType = sourcecode.swift; path = HelloXcodeApp.swift; sourceTree = "<group>"; };
		F1C0D61D2B3FD15100B42523 /* ContentView.swift */ = {isa = PBXFileReference; lastKnownFileType = sourcecode.swift; path = ContentView.swift; sourceTree = "<group>"; };
		F1C0D61F2B3FD15300B42523 /* Assets.xcassets */ = {isa = PBXFileReference; lastKnownFileType = folder.assetcatalog; path = Assets.xcassets; sourceTree = "<group>"; };
		F1C0D6222B3FD15300B42523 /* Preview Assets.xcassets */ = {isa = PBXFileReference; lastKnownFileType = folder.assetcatalog; path = "Preview Assets.xcassets"; sourceTree = "<group>"; };
		F1C0D6282B3FD15300B42523 /* HelloXcodeTests.xctest */ = {isa = PBXFileReference; explicitFileType = wrapper.cfbundle; includeInIndex = 0; path = HelloXcodeTests.xctest; sourceTree = BUILT_PRODUCTS_DIR; };
		F1C0D62C2B3FD15300B42523 /* HelloXcodeTests.swift */ = {isa = PBXFileReference; lastKnownFileType = sourcecode.swift; path = HelloXcodeTests.swift; sourceTree = "<group>"; };
		F1C0D6322B3FD15300B42523 /* HelloXcodeUITests.xctest */ = {isa = PBXFileReference; explicitFileType = wrapper.cfbundle; includeInIndex = 0; path = HelloXcodeUITests.xctest; sourceTree = BUILT_PRODUCTS_DIR; };
		F1C0D6362B3FD15300B42523 /* HelloXcodeUITests.swift */ = {isa = PBXFileReference; lastKnownFileType = sourcecode.swift; path = HelloXcodeUITests.swift; sourceTree = "<group>"; };
		F1C0D6382B3FD15300B42523 /* HelloXcodeUITestsLaunchTests.swift */ = {isa = PBXFileReference; lastKnownFileType = sourcecode.swift; path = HelloXcodeUITestsLaunchTests.swift; sourceTree = "<group>"; };
/* End PBXFileReference section */

/* Begin PBXFrameworksBuildPhase section */
		F1C0D6152B3FD15100B42523 /* Frameworks */ = {
			isa = PBXFrameworksBuildPhase;
			buildActionMask = 2147483647;
			files = (
			);
			runOnlyForDeploymentPostprocessing = 0;
		};
		F1C0D6252B3FD15300B42523 /* Frameworks */ = {
			isa = PBXFrameworksBuildPhase;
			buildActionMask = 2147483647;
			files = (
			);
			runOnlyForDeploymentPostprocessing = 0;
		};
		F1C0D62F2B3FD15300B42523 /* Frameworks */ = {
			isa = PBXFrameworksBuildPhase;
			buildActionMask = 2147483647;
			files = (
			);
			runOnlyForDeploymentPostprocessing = 0;
		};
/* End PBXFrameworksBuildPhase section */

/* Begin PBXGroup section */
		F1414B602B54C46400D602C1 /* Models */ = {
			isa = PBXGroup;
			children = (
				F1414B612B54C4A600D602C1 /* Note.swift */,
				F1414B9E2B54C9DB00D602C1 /* Tag.swift */,
			);
			path = Models;
			sourceTree = "<group>";
		};
		F1414BA02B54DAE000D602C1 /* Views */ = {
			isa = PBXGroup;
			children = (
				F1414BA32B54DB4B00D602C1 /* NoteListView.swift */,
				F1414BA52B55E38F00D602C1 /* TagListView.swift */,
			);
			path = Views;
			sourceTree = "<group>";
		};
		F1C0D60F2B3FD15100B42523 = {
			isa = PBXGroup;
			children = (
				F1C0D61A2B3FD15100B42523 /* HelloXcode */,
				F1C0D62B2B3FD15300B42523 /* HelloXcodeTests */,
				F1C0D6352B3FD15300B42523 /* HelloXcodeUITests */,
				F1C0D6192B3FD15100B42523 /* Products */,
			);
			sourceTree = "<group>";
		};
		F1C0D6192B3FD15100B42523 /* Products */ = {
			isa = PBXGroup;
			children = (
				F1C0D6182B3FD15100B42523 /* HelloXcode.app */,
				F1C0D6282B3FD15300B42523 /* HelloXcodeTests.xctest */,
				F1C0D6322B3FD15300B42523 /* HelloXcodeUITests.xctest */,
			);
			name = Products;
			sourceTree = "<group>";
		};
		F1C0D61A2B3FD15100B42523 /* HelloXcode */ = {
			isa = PBXGroup;
			children = (
				F1C0D61B2B3FD15100B42523 /* HelloXcodeApp.swift */,
				F1414BA02B54DAE000D602C1 /* Views */,
				F1414B602B54C46400D602C1 /* Models */,
				F1C0D61D2B3FD15100B42523 /* ContentView.swift */,
				F1C0D61F2B3FD15300B42523 /* Assets.xcassets */,
				F1C0D6212B3FD15300B42523 /* Preview Content */,
			);
			path = HelloXcode;
			sourceTree = "<group>";
		};
		F1C0D6212B3FD15300B42523 /* Preview Content */ = {
			isa = PBXGroup;
			children = (
				F1C0D6222B3FD15300B42523 /* Preview Assets.xcassets */,
			);
			path = "Preview Content";
			sourceTree = "<group>";
		};
		F1C0D62B2B3FD15300B42523 /* HelloXcodeTests */ = {
			isa = PBXGroup;
			children = (
				F1C0D62C2B3FD15300B42523 /* HelloXcodeTests.swift */,
			);
			path = HelloXcodeTests;
			sourceTree = "<group>";
		};
		F1C0D6352B3FD15300B42523 /* HelloXcodeUITests */ = {
			isa = PBXGroup;
			children = (
				F1C0D6362B3FD15300B42523 /* HelloXcodeUITests.swift */,
				F1C0D6382B3FD15300B42523 /* HelloXcodeUITestsLaunchTests.swift */,
			);
			path = HelloXcodeUITests;
			sourceTree = "<group>";
		};
/* End PBXGroup section */

/* Begin PBXNativeTarget section */
		F1C0D6172B3FD15100B42523 /* HelloXcode */ = {
			isa = PBXNativeTarget;
			buildConfigurationList = F1C0D63C2B3FD15300B42523 /* Build configuration list for PBXNativeTarget "HelloXcode" */;
			buildPhases = (
				F1C0D6142B3FD15100B42523 /* Sources */,
				F1C0D6152B3FD15100B42523 /* Frameworks */,
				F1C0D6162B3FD15100B42523 /* Resources */,
			);
			buildRules = (
			);
			dependencies = (
			);
			name = HelloXcode;
			productName = HelloXcode;
			productReference = F1C0D6182B3FD15100B42523 /* HelloXcode.app */;
			productType = "com.apple.product-type.application";
		};
		F1C0D6272B3FD15300B42523 /* HelloXcodeTests */ = {
			isa = PBXNativeTarget;
			buildConfigurationList = F1C0D63F2B3FD15300B42523 /* Build configuration list for PBXNativeTarget "HelloXcodeTests" */;
			buildPhases = (
				F1C0D6242B3FD15300B42523 /* Sources */,
				F1C0D6252B3FD15300B42523 /* Frameworks */,
				F1C0D6262B3FD15300B42523 /* Resources */,
			);
			buildRules = (
			);
			dependencies = (
				F1C0D62A2B3FD15300B42523 /* PBXTargetDependency */,
			);
			name = HelloXcodeTests;
			productName = HelloXcodeTests;
			productReference = F1C0D6282B3FD15300B42523 /* HelloXcodeTests.xctest */;
			productType = "com.apple.product-type.bundle.unit-test";
		};
		F1C0D6312B3FD15300B42523 /* HelloXcodeUITests */ = {
			isa = PBXNativeTarget;
			buildConfigurationList = F1C0D6422B3FD15300B42523 /* Build configuration list for PBXNativeTarget "HelloXcodeUITests" */;
			buildPhases = (
				F1C0D62E2B3FD15300B42523 /* Sources */,
				F1C0D62F2B3FD15300B42523 /* Frameworks */,
				F1C0D6302B3FD15300B42523 /* Resources */,
			);
			buildRules = (
			);
			dependencies = (
				F1C0D6342B3FD15300B42523 /* PBXTargetDependency */,
			);
			name = HelloXcodeUITests;
			productName = HelloXcodeUITests;
			productReference = F1C0D6322B3FD15300B42523 /* HelloXcodeUITests.xctest */;
			productType = "com.apple.product-type.bundle.ui-testing";
		};
/* End PBXNativeTarget section */

/* Begin PBXProject section */
		F1C0D6102B3FD15100B42523 /* Project object */ = {
			isa = PBXProject;
			attributes = {
				BuildIndependentTargetsInParallel = 1;
				LastSwiftUpdateCheck = 1510;
				LastUpgradeCheck = 1510;
				TargetAttributes = {
					F1C0D6172B3FD15100B42523 = {
						CreatedOnToolsVersion = 15.1;
					};
					F1C0D6272B3FD15300B42523 = {
						CreatedOnToolsVersion = 15.1;
						TestTargetID = F1C0D6172B3FD15100B42523;
					};
					F1C0D6312B3FD15300B42523 = {
						CreatedOnToolsVersion = 15.1;
						TestTargetID = F1C0D6172B3FD15100B42523;
					};
				};
			};
			buildConfigurationList = F1C0D6132B3FD15100B42523 /* Build configuration list for PBXProject "HelloXcode" */;
			compatibilityVersion = "Xcode 14.0";
			developmentRegion = en;
			hasScannedForEncodings = 0;
			knownRegions = (
				en,
				Base,
			);
			mainGroup = F1C0D60F2B3FD15100B42523;
			productRefGroup = F1C0D6192B3FD15100B42523 /* Products */;
			projectDirPath = "";
			projectRoot = "";
			targets = (
				F1C0D6172B3FD15100B42523 /* HelloXcode */,
				F1C0D6272B3FD15300B42523 /* HelloXcodeTests */,
				F1C0D6312B3FD15300B42523 /* HelloXcodeUITests */,
			);
		};
/* End PBXProject section */

/* Begin PBXResourcesBuildPhase section */
		F1C0D6162B3FD15100B42523 /* Resources */ = {
			isa = PBXResourcesBuildPhase;
			buildActionMask = 2147483647;
			files = (
				F1C0D6232B3FD15300B42523 /* Preview Assets.xcassets in Resources */,
				F1C0D6202B3FD15300B42523 /* Assets.xcassets in Resources */,
			);
			runOnlyForDeploymentPostprocessing = 0;
		};
		F1C0D6262B3FD15300B42523 /* Resources */ = {
			isa = PBXResourcesBuildPhase;
			buildActionMask = 2147483647;
			files = (
			);
			runOnlyForDeploymentPostprocessing = 0;
		};
		F1C0D6302B3FD15300B42523 /* Resources */ = {
			isa = PBXResourcesBuildPhase;
			buildActionMask = 2147483647;
			files = (
			);
			runOnlyForDeploymentPostprocessing = 0;
		};
/* End PBXResourcesBuildPhase section */

/* Begin PBXSourcesBuildPhase section */
		F1C0D6142B3FD15100B42523 /* Sources */ = {
			isa = PBXSourcesBuildPhase;
			buildActionMask = 2147483647;
			files = (
				F1414B9F2B54C9DB00D602C1 /* Tag.swift in Sources */,
				F1414BA62B55E38F00D602C1 /* TagListView.swift in Sources */,
				F1C0D61E2B3FD15100B42523 /* ContentView.swift in Sources */,
				F1414BA42B54DB4B00D602C1 /* NoteListView.swift in Sources */,
				F1C0D61C2B3FD15100B42523 /* HelloXcodeApp.swift in Sources */,
				F1414B622B54C4A600D602C1 /* Note.swift in Sources */,
			);
			runOnlyForDeploymentPostprocessing = 0;
		};
		F1C0D6242B3FD15300B42523 /* Sources */ = {
			isa = PBXSourcesBuildPhase;
			buildActionMask = 2147483647;
			files = (
				F1C0D62D2B3FD15300B42523 /* HelloXcodeTests.swift in Sources */,
			);
			runOnlyForDeploymentPostprocessing = 0;
		};
		F1C0D62E2B3FD15300B42523 /* Sources */ = {
			isa = PBXSourcesBuildPhase;
			buildActionMask = 2147483647;
			files = (
				F1C0D6372B3FD15300B42523 /* HelloXcodeUITests.swift in Sources */,
				F1C0D6392B3FD15300B42523 /* HelloXcodeUITestsLaunchTests.swift in Sources */,
			);
			runOnlyForDeploymentPostprocessing = 0;
		};
/* End PBXSourcesBuildPhase section */

/* Begin PBXTargetDependency section */
		F1C0D62A2B3FD15300B42523 /* PBXTargetDependency */ = {
			isa = PBXTargetDependency;
			target = F1C0D6172B3FD15100B42523 /* HelloXcode */;
			targetProxy = F1C0D6292B3FD15300B42523 /* PBXContainerItemProxy */;
		};
		F1C0D6342B3FD15300B42523 /* PBXTargetDependency */ = {
			isa = PBXTargetDependency;
			target = F1C0D6172B3FD15100B42523 /* HelloXcode */;
			targetProxy = F1C0D6332B3FD15300B42523 /* PBXContainerItemProxy */;
		};
/* End PBXTargetDependency section */

/* Begin XCBuildConfiguration section */
		F1C0D63A2B3FD15300B42523 /* Debug */ = {
			isa = XCBuildConfiguration;
			buildSettings = {
				ALWAYS_SEARCH_USER_PATHS = NO;
				ASSETCATALOG_COMPILER_GENERATE_SWIFT_ASSET_SYMBOL_EXTENSIONS = YES;
				CLANG_ANALYZER_NONNULL = YES;
				CLANG_ANALYZER_NUMBER_OBJECT_CONVERSION = YES_AGGRESSIVE;
				CLANG_CXX_LANGUAGE_STANDARD = "gnu++20";
				CLANG_ENABLE_MODULES = YES;
				CLANG_ENABLE_OBJC_ARC = YES;
				CLANG_ENABLE_OBJC_WEAK = YES;
				CLANG_WARN_BLOCK_CAPTURE_AUTORELEASING = YES;
				CLANG_WARN_BOOL_CONVERSION = YES;
				CLANG_WARN_COMMA = YES;
				CLANG_WARN_CONSTANT_CONVERSION = YES;
				CLANG_WARN_DEPRECATED_OBJC_IMPLEMENTATIONS = YES;
				CLANG_WARN_DIRECT_OBJC_ISA_USAGE = YES_ERROR;
				CLANG_WARN_DOCUMENTATION_COMMENTS = YES;
				CLANG_WARN_EMPTY_BODY = YES;
				CLANG_WARN_ENUM_CONVERSION = YES;
				CLANG_WARN_INFINITE_RECURSION = YES;
				CLANG_WARN_INT_CONVERSION = YES;
				CLANG_WARN_NON_LITERAL_NULL_CONVERSION = YES;
				CLANG_WARN_OBJC_IMPLICIT_RETAIN_SELF = YES;
				CLANG_WARN_OBJC_LITERAL_CONVERSION = YES;
				CLANG_WARN_OBJC_ROOT_CLASS = YES_ERROR;
				CLANG_WARN_QUOTED_INCLUDE_IN_FRAMEWORK_HEADER = YES;
				CLANG_WARN_RANGE_LOOP_ANALYSIS = YES;
				CLANG_WARN_STRICT_PROTOTYPES = YES;
				CLANG_WARN_SUSPICIOUS_MOVE = YES;
				CLANG_WARN_UNGUARDED_AVAILABILITY = YES_AGGRESSIVE;
				CLANG_WARN_UNREACHABLE_CODE = YES;
				CLANG_WARN__DUPLICATE_METHOD_MATCH = YES;
				COPY_PHASE_STRIP = NO;
				DEBUG_INFORMATION_FORMAT = dwarf;
				ENABLE_STRICT_OBJC_MSGSEND = YES;
				ENABLE_TESTABILITY = YES;
				ENABLE_USER_SCRIPT_SANDBOXING = YES;
				GCC_C_LANGUAGE_STANDARD = gnu17;
				GCC_DYNAMIC_NO_PIC = NO;
				GCC_NO_COMMON_BLOCKS = YES;
				GCC_OPTIMIZATION_LEVEL = 0;
				GCC_PREPROCESSOR_DEFINITIONS = (
					"DEBUG=1",
					"$(inherited)",
				);
				GCC_WARN_64_TO_32_BIT_CONVERSION = YES;
				GCC_WARN_ABOUT_RETURN_TYPE = YES_ERROR;
				GCC_WARN_UNDECLARED_SELECTOR = YES;
				GCC_WARN_UNINITIALIZED_AUTOS = YES_AGGRESSIVE;
				GCC_WARN_UNUSED_FUNCTION = YES;
				GCC_WARN_UNUSED_VARIABLE = YES;
				IPHONEOS_DEPLOYMENT_TARGET = 17.2;
				LOCALIZATION_PREFERS_STRING_CATALOGS = YES;
				MTL_ENABLE_DEBUG_INFO = INCLUDE_SOURCE;
				MTL_FAST_MATH = YES;
				ONLY_ACTIVE_ARCH = YES;
				SDKROOT = iphoneos;
				SWIFT_ACTIVE_COMPILATION_CONDITIONS = "DEBUG $(inherited)";
				SWIFT_OPTIMIZATION_LEVEL = "-Onone";
			};
			name = Debug;
		};
		F1C0D63B2B3FD15300B42523 /* Release */ = {
			isa = XCBuildConfiguration;
			buildSettings = {
				ALWAYS_SEARCH_USER_PATHS = NO;
				ASSETCATALOG_COMPILER_GENERATE_SWIFT_ASSET_SYMBOL_EXTENSIONS = YES;
				CLANG_ANALYZER_NONNULL = YES;
				CLANG_ANALYZER_NUMBER_OBJECT_CONVERSION = YES_AGGRESSIVE;
				CLANG_CXX_LANGUAGE_STANDARD = "gnu++20";
				CLANG_ENABLE_MODULES = YES;
				CLANG_ENABLE_OBJC_ARC = YES;
				CLANG_ENABLE_OBJC_WEAK = YES;
				CLANG_WARN_BLOCK_CAPTURE_AUTORELEASING = YES;
				CLANG_WARN_BOOL_CONVERSION = YES;
				CLANG_WARN_COMMA = YES;
				CLANG_WARN_CONSTANT_CONVERSION = YES;
				CLANG_WARN_DEPRECATED_OBJC_IMPLEMENTATIONS = YES;
				CLANG_WARN_DIRECT_OBJC_ISA_USAGE = YES_ERROR;
				CLANG_WARN_DOCUMENTATION_COMMENTS = YES;
				CLANG_WARN_EMPTY_BODY = YES;
				CLANG_WARN_ENUM_CONVERSION = YES;
				CLANG_WARN_INFINITE_RECURSION = YES;
				CLANG_WARN_INT_CONVERSION = YES;
				CLANG_WARN_NON_LITERAL_NULL_CONVERSION = YES;
				CLANG_WARN_OBJC_IMPLICIT_RETAIN_SELF = YES;
				CLANG_WARN_OBJC_LITERAL_CONVERSION = YES;
				CLANG_WARN_OBJC_ROOT_CLASS = YES_ERROR;
				CLANG_WARN_QUOTED_INCLUDE_IN_FRAMEWORK_HEADER = YES;
				CLANG_WARN_RANGE_LOOP_ANALYSIS = YES;
				CLANG_WARN_STRICT_PROTOTYPES = YES;
				CLANG_WARN_SUSPICIOUS_MOVE = YES;
				CLANG_WARN_UNGUARDED_AVAILABILITY = YES_AGGRESSIVE;
				CLANG_WARN_UNREACHABLE_CODE = YES;
				CLANG_WARN__DUPLICATE_METHOD_MATCH = YES;
				COPY_PHASE_STRIP = NO;
				DEBUG_INFORMATION_FORMAT = "dwarf-with-dsym";
				ENABLE_NS_ASSERTIONS = NO;
				ENABLE_STRICT_OBJC_MSGSEND = YES;
				ENABLE_USER_SCRIPT_SANDBOXING = YES;
				GCC_C_LANGUAGE_STANDARD = gnu17;
				GCC_NO_COMMON_BLOCKS = YES;
				GCC_WARN_64_TO_32_BIT_CONVERSION = YES;
				GCC_WARN_ABOUT_RETURN_TYPE = YES_ERROR;
				GCC_WARN_UNDECLARED_SELECTOR = YES;
				GCC_WARN_UNINITIALIZED_AUTOS = YES_AGGRESSIVE;
				GCC_WARN_UNUSED_FUNCTION = YES;
				GCC_WARN_UNUSED_VARIABLE = YES;
				IPHONEOS_DEPLOYMENT_TARGET = 17.2;
				LOCALIZATION_PREFERS_STRING_CATALOGS = YES;
				MTL_ENABLE_DEBUG_INFO = NO;
				MTL_FAST_MATH = YES;
				SDKROOT = iphoneos;
				SWIFT_COMPILATION_MODE = wholemodule;
				VALIDATE_PRODUCT = YES;
			};
			name = Release;
		};
		F1C0D63D2B3FD15300B42523 /* Debug */ = {
			isa = XCBuildConfiguration;
			buildSettings = {
				ASSETCATALOG_COMPILER_APPICON_NAME = AppIcon;
				ASSETCATALOG_COMPILER_GLOBAL_ACCENT_COLOR_NAME = AccentColor;
				CODE_SIGN_STYLE = Automatic;
				CURRENT_PROJECT_VERSION = 1;
				DEVELOPMENT_ASSET_PATHS = "\"HelloXcode/Preview Content\"";
				DEVELOPMENT_TEAM = CZT4B95UF7;
				ENABLE_PREVIEWS = YES;
				GENERATE_INFOPLIST_FILE = YES;
				INFOPLIST_KEY_UIApplicationSceneManifest_Generation = YES;
				INFOPLIST_KEY_UIApplicationSupportsIndirectInputEvents = YES;
				INFOPLIST_KEY_UILaunchScreen_Generation = YES;
				INFOPLIST_KEY_UISupportedInterfaceOrientations_iPad = "UIInterfaceOrientationPortrait UIInterfaceOrientationPortraitUpsideDown UIInterfaceOrientationLandscapeLeft UIInterfaceOrientationLandscapeRight";
				INFOPLIST_KEY_UISupportedInterfaceOrientations_iPhone = "UIInterfaceOrientationPortrait UIInterfaceOrientationLandscapeLeft UIInterfaceOrientationLandscapeRight";
				LD_RUNPATH_SEARCH_PATHS = (
					"$(inherited)",
					"@executable_path/Frameworks",
				);
				MARKETING_VERSION = 1.0;
				PRODUCT_BUNDLE_IDENTIFIER = com.davidgrau.HelloXcode;
				PRODUCT_NAME = "$(TARGET_NAME)";
				SWIFT_EMIT_LOC_STRINGS = YES;
				SWIFT_VERSION = 5.0;
				TARGETED_DEVICE_FAMILY = "1,2";
			};
			name = Debug;
		};
		F1C0D63E2B3FD15300B42523 /* Release */ = {
			isa = XCBuildConfiguration;
			buildSettings = {
				ASSETCATALOG_COMPILER_APPICON_NAME = AppIcon;
				ASSETCATALOG_COMPILER_GLOBAL_ACCENT_COLOR_NAME = AccentColor;
				CODE_SIGN_STYLE = Automatic;
				CURRENT_PROJECT_VERSION = 1;
				DEVELOPMENT_ASSET_PATHS = "\"HelloXcode/Preview Content\"";
				DEVELOPMENT_TEAM = CZT4B95UF7;
				ENABLE_PREVIEWS = YES;
				GENERATE_INFOPLIST_FILE = YES;
				INFOPLIST_KEY_UIApplicationSceneManifest_Generation = YES;
				INFOPLIST_KEY_UIApplicationSupportsIndirectInputEvents = YES;
				INFOPLIST_KEY_UILaunchScreen_Generation = YES;
				INFOPLIST_KEY_UISupportedInterfaceOrientations_iPad = "UIInterfaceOrientationPortrait UIInterfaceOrientationPortraitUpsideDown UIInterfaceOrientationLandscapeLeft UIInterfaceOrientationLandscapeRight";
				INFOPLIST_KEY_UISupportedInterfaceOrientations_iPhone = "UIInterfaceOrientationPortrait UIInterfaceOrientationLandscapeLeft UIInterfaceOrientationLandscapeRight";
				LD_RUNPATH_SEARCH_PATHS = (
					"$(inherited)",
					"@executable_path/Frameworks",
				);
				MARKETING_VERSION = 1.0;
				PRODUCT_BUNDLE_IDENTIFIER = com.davidgrau.HelloXcode;
				PRODUCT_NAME = "$(TARGET_NAME)";
				SWIFT_EMIT_LOC_STRINGS = YES;
				SWIFT_VERSION = 5.0;
				TARGETED_DEVICE_FAMILY = "1,2";
			};
			name = Release;
		};
		F1C0D6402B3FD15300B42523 /* Debug */ = {
			isa = XCBuildConfiguration;
			buildSettings = {
				ALWAYS_EMBED_SWIFT_STANDARD_LIBRARIES = YES;
				BUNDLE_LOADER = "$(TEST_HOST)";
				CODE_SIGN_STYLE = Automatic;
				CURRENT_PROJECT_VERSION = 1;
				GENERATE_INFOPLIST_FILE = YES;
				IPHONEOS_DEPLOYMENT_TARGET = 17.2;
				MARKETING_VERSION = 1.0;
				PRODUCT_BUNDLE_IDENTIFIER = com.davidgrau.HelloXcodeTests;
				PRODUCT_NAME = "$(TARGET_NAME)";
				SWIFT_EMIT_LOC_STRINGS = NO;
				SWIFT_VERSION = 5.0;
				TARGETED_DEVICE_FAMILY = "1,2";
				TEST_HOST = "$(BUILT_PRODUCTS_DIR)/HelloXcode.app/$(BUNDLE_EXECUTABLE_FOLDER_PATH)/HelloXcode";
			};
			name = Debug;
		};
		F1C0D6412B3FD15300B42523 /* Release */ = {
			isa = XCBuildConfiguration;
			buildSettings = {
				ALWAYS_EMBED_SWIFT_STANDARD_LIBRARIES = YES;
				BUNDLE_LOADER = "$(TEST_HOST)";
				CODE_SIGN_STYLE = Automatic;
				CURRENT_PROJECT_VERSION = 1;
				GENERATE_INFOPLIST_FILE = YES;
				IPHONEOS_DEPLOYMENT_TARGET = 17.2;
				MARKETING_VERSION = 1.0;
				PRODUCT_BUNDLE_IDENTIFIER = com.davidgrau.HelloXcodeTests;
				PRODUCT_NAME = "$(TARGET_NAME)";
				SWIFT_EMIT_LOC_STRINGS = NO;
				SWIFT_VERSION = 5.0;
				TARGETED_DEVICE_FAMILY = "1,2";
				TEST_HOST = "$(BUILT_PRODUCTS_DIR)/HelloXcode.app/$(BUNDLE_EXECUTABLE_FOLDER_PATH)/HelloXcode";
			};
			name = Release;
		};
		F1C0D6432B3FD15300B42523 /* Debug */ = {
			isa = XCBuildConfiguration;
			buildSettings = {
				ALWAYS_EMBED_SWIFT_STANDARD_LIBRARIES = YES;
				CODE_SIGN_STYLE = Automatic;
				CURRENT_PROJECT_VERSION = 1;
				GENERATE_INFOPLIST_FILE = YES;
				MARKETING_VERSION = 1.0;
				PRODUCT_BUNDLE_IDENTIFIER = com.davidgrau.HelloXcodeUITests;
				PRODUCT_NAME = "$(TARGET_NAME)";
				SWIFT_EMIT_LOC_STRINGS = NO;
				SWIFT_VERSION = 5.0;
				TARGETED_DEVICE_FAMILY = "1,2";
				TEST_TARGET_NAME = HelloXcode;
			};
			name = Debug;
		};
		F1C0D6442B3FD15300B42523 /* Release */ = {
			isa = XCBuildConfiguration;
			buildSettings = {
				ALWAYS_EMBED_SWIFT_STANDARD_LIBRARIES = YES;
				CODE_SIGN_STYLE = Automatic;
				CURRENT_PROJECT_VERSION = 1;
				GENERATE_INFOPLIST_FILE = YES;
				MARKETING_VERSION = 1.0;
				PRODUCT_BUNDLE_IDENTIFIER = com.davidgrau.HelloXcodeUITests;
				PRODUCT_NAME = "$(TARGET_NAME)";
				SWIFT_EMIT_LOC_STRINGS = NO;
				SWIFT_VERSION = 5.0;
				TARGETED_DEVICE_FAMILY = "1,2";
				TEST_TARGET_NAME = HelloXcode;
			};
			name = Release;
		};
/* End XCBuildConfiguration section */

/* Begin XCConfigurationList section */
		F1C0D6132B3FD15100B42523 /* Build configuration list for PBXProject "HelloXcode" */ = {
			isa = XCConfigurationList;
			buildConfigurations = (
				F1C0D63A2B3FD15300B42523 /* Debug */,
				F1C0D63B2B3FD15300B42523 /* Release */,
			);
			defaultConfigurationIsVisible = 0;
			defaultConfigurationName = Release;
		};
		F1C0D63C2B3FD15300B42523 /* Build configuration list for PBXNativeTarget "HelloXcode" */ = {
			isa = XCConfigurationList;
			buildConfigurations = (
				F1C0D63D2B3FD15300B42523 /* Debug */,
				F1C0D63E2B3FD15300B42523 /* Release */,
			);
			defaultConfigurationIsVisible = 0;
			defaultConfigurationName = Release;
		};
		F1C0D63F2B3FD15300B42523 /* Build configuration list for PBXNativeTarget "HelloXcodeTests" */ = {
			isa = XCConfigurationList;
			buildConfigurations = (
				F1C0D6402B3FD15300B42523 /* Debug */,
				F1C0D6412B3FD15300B42523 /* Release */,
			);
			defaultConfigurationIsVisible = 0;
			defaultConfigurationName = Release;
		};
		F1C0D6422B3FD15300B42523 /* Build configuration list for PBXNativeTarget "HelloXcodeUITests" */ = {
			isa = XCConfigurationList;
			buildConfigurations = (
				F1C0D6432B3FD15300B42523 /* Debug */,
				F1C0D6442B3FD15300B42523 /* Release */,
			);
			defaultConfigurationIsVisible = 0;
			defaultConfigurationName = Release;
		};
/* End XCConfigurationList section */
	};
	rootObject = F1C0D6102B3FD15100B42523 /* Project object */;
}
